
Microsoft Visual Studio Solution File, Format Version 12.00
# Visual Studio Version 17
VisualStudioVersion = 17.4.33205.214
MinimumVisualStudioVersion = 10.0.40219.1
Project("{9A19103F-16F7-4668-BE54-9A1E7A4F7556}") = "SalesServices", "SalesServices\SalesServices.csproj", "{EA532ADD-8798-4D0C-A038-81EC38F45320}"
EndProject
Project("{FAE04EC0-301F-11D3-BF4B-00C04F79EFBC}") = "Tests", "Tests\Tests.csproj", "{147BDDE5-14FD-4309-953E-B2AD1925B8B3}"
EndProject
Global
	GlobalSection(SolutionConfigurationPlatforms) = preSolution
		Debug|Any CPU = Debug|Any CPU
		Release|Any CPU = Release|Any CPU
	EndGlobalSection
	GlobalSection(ProjectConfigurationPlatforms) = postSolution
		{EA532ADD-8798-4D0C-A038-81EC38F45320}.Debug|Any CPU.ActiveCfg = Debug|Any CPU
		{EA532ADD-8798-4D0C-A038-81EC38F45320}.Debug|Any CPU.Build.0 = Debug|Any CPU
		{EA532ADD-8798-4D0C-A038-81EC38F45320}.Release|Any CPU.ActiveCfg = Release|Any CPU
		{EA532ADD-8798-4D0C-A038-81EC38F45320}.Release|Any CPU.Build.0 = Release|Any CPU
		{147BDDE5-14FD-4309-953E-B2AD1925B8B3}.Debug|Any CPU.ActiveCfg = Debug|Any CPU
		{147BDDE5-14FD-4309-953E-B2AD1925B8B3}.Debug|Any CPU.Build.0 = Debug|Any CPU
		{147BDDE5-14FD-4309-953E-B2AD1925B8B3}.Release|Any CPU.ActiveCfg = Release|Any CPU
		{147BDDE5-14FD-4309-953E-B2AD1925B8B3}.Release|Any CPU.Build.0 = Release|Any CPU
	EndGlobalSection
	GlobalSection(SolutionProperties) = preSolution
		HideSolutionNode = FALSE
	EndGlobalSection
	GlobalSection(ExtensibilityGlobals) = postSolution
		SolutionGuid = {C7DDA8E1-2CDF-4899-9F41-B96BC6A1C572}
	EndGlobalSection
EndGlobal
